
Microsoft Visual Studio Solution File, Format Version 12.00
# Visual Studio Version 17
VisualStudioVersion = 17.0.31903.59
MinimumVisualStudioVersion = 10.0.40219.1
Project("{2150E333-8FDC-42A3-9474-1A3956D46DE8}") = "src", "src", "{827E0CD3-B72D-47B6-A68D-7590B98EB39B}"
EndProject
Project("{FAE04EC0-301F-11D3-BF4B-00C04F79EFBC}") = "ProjectAnalyzer.Core", "src\ProjectAnalyzer.Core\ProjectAnalyzer.Core.csproj", "{BAB4C4D1-80ED-4D41-848D-33A2F779EA36}"
EndProject
Project("{FAE04EC0-301F-11D3-BF4B-00C04F79EFBC}") = "ProjectAnalyzer.Cli", "src\ProjectAnalyzer.Cli\ProjectAnalyzer.Cli.csproj", "{8998AC82-A549-4AE4-B437-2A7CA04973A3}"
EndProject
Project("{2150E333-8FDC-42A3-9474-1A3956D46DE8}") = "tests", "tests", "{0AB3BF05-4346-4AA6-1389-037BE0695223}"
EndProject
Project("{FAE04EC0-301F-11D3-BF4B-00C04F79EFBC}") = "ProjectAnalyzer.Core.Tests", "tests\ProjectAnalyzer.Core.Tests\ProjectAnalyzer.Core.Tests.csproj", "{47CDADFD-3707-4A26-9A31-0C34850D1034}"
EndProject
Global
	GlobalSection(SolutionConfigurationPlatforms) = preSolution
		Debug|Any CPU = Debug|Any CPU
		Debug|x64 = Debug|x64
		Debug|x86 = Debug|x86
		Release|Any CPU = Release|Any CPU
		Release|x64 = Release|x64
		Release|x86 = Release|x86
	EndGlobalSection
	GlobalSection(ProjectConfigurationPlatforms) = postSolution
		{BAB4C4D1-80ED-4D41-848D-33A2F779EA36}.Debug|Any CPU.ActiveCfg = Debug|Any CPU
		{BAB4C4D1-80ED-4D41-848D-33A2F779EA36}.Debug|Any CPU.Build.0 = Debug|Any CPU
		{BAB4C4D1-80ED-4D41-848D-33A2F779EA36}.Debug|x64.ActiveCfg = Debug|Any CPU
		{BAB4C4D1-80ED-4D41-848D-33A2F779EA36}.Debug|x64.Build.0 = Debug|Any CPU
		{BAB4C4D1-80ED-4D41-848D-33A2F779EA36}.Debug|x86.ActiveCfg = Debug|Any CPU
		{BAB4C4D1-80ED-4D41-848D-33A2F779EA36}.Debug|x86.Build.0 = Debug|Any CPU
		{BAB4C4D1-80ED-4D41-848D-33A2F779EA36}.Release|Any CPU.ActiveCfg = Release|Any CPU
		{BAB4C4D1-80ED-4D41-848D-33A2F779EA36}.Release|Any CPU.Build.0 = Release|Any CPU
		{BAB4C4D1-80ED-4D41-848D-33A2F779EA36}.Release|x64.ActiveCfg = Release|Any CPU
		{BAB4C4D1-80ED-4D41-848D-33A2F779EA36}.Release|x64.Build.0 = Release|Any CPU
		{BAB4C4D1-80ED-4D41-848D-33A2F779EA36}.Release|x86.ActiveCfg = Release|Any CPU
		{BAB4C4D1-80ED-4D41-848D-33A2F779EA36}.Release|x86.Build.0 = Release|Any CPU
		{8998AC82-A549-4AE4-B437-2A7CA04973A3}.Debug|Any CPU.ActiveCfg = Debug|Any CPU
		{8998AC82-A549-4AE4-B437-2A7CA04973A3}.Debug|Any CPU.Build.0 = Debug|Any CPU
		{8998AC82-A549-4AE4-B437-2A7CA04973A3}.Debug|x64.ActiveCfg = Debug|Any CPU
		{8998AC82-A549-4AE4-B437-2A7CA04973A3}.Debug|x64.Build.0 = Debug|Any CPU
		{8998AC82-A549-4AE4-B437-2A7CA04973A3}.Debug|x86.ActiveCfg = Debug|Any CPU
		{8998AC82-A549-4AE4-B437-2A7CA04973A3}.Debug|x86.Build.0 = Debug|Any CPU
		{8998AC82-A549-4AE4-B437-2A7CA04973A3}.Release|Any CPU.ActiveCfg = Release|Any CPU
		{8998AC82-A549-4AE4-B437-2A7CA04973A3}.Release|Any CPU.Build.0 = Release|Any CPU
		{8998AC82-A549-4AE4-B437-2A7CA04973A3}.Release|x64.ActiveCfg = Release|Any CPU
		{8998AC82-A549-4AE4-B437-2A7CA04973A3}.Release|x64.Build.0 = Release|Any CPU
		{8998AC82-A549-4AE4-B437-2A7CA04973A3}.Release|x86.ActiveCfg = Release|Any CPU
		{8998AC82-A549-4AE4-B437-2A7CA04973A3}.Release|x86.Build.0 = Release|Any CPU
		{47CDADFD-3707-4A26-9A31-0C34850D1034}.Debug|Any CPU.ActiveCfg = Debug|Any CPU
		{47CDADFD-3707-4A26-9A31-0C34850D1034}.Debug|Any CPU.Build.0 = Debug|Any CPU
		{47CDADFD-3707-4A26-9A31-0C34850D1034}.Debug|x64.ActiveCfg = Debug|Any CPU
		{47CDADFD-3707-4A26-9A31-0C34850D1034}.Debug|x64.Build.0 = Debug|Any CPU
		{47CDADFD-3707-4A26-9A31-0C34850D1034}.Debug|x86.ActiveCfg = Debug|Any CPU
		{47CDADFD-3707-4A26-9A31-0C34850D1034}.Debug|x86.Build.0 = Debug|Any CPU
		{47CDADFD-3707-4A26-9A31-0C34850D1034}.Release|Any CPU.ActiveCfg = Release|Any CPU
		{47CDADFD-3707-4A26-9A31-0C34850D1034}.Release|Any CPU.Build.0 = Release|Any CPU
		{47CDADFD-3707-4A26-9A31-0C34850D1034}.Release|x64.ActiveCfg = Release|Any CPU
		{47CDADFD-3707-4A26-9A31-0C34850D1034}.Release|x64.Build.0 = Release|Any CPU
		{47CDADFD-3707-4A26-9A31-0C34850D1034}.Release|x86.ActiveCfg = Release|Any CPU
		{47CDADFD-3707-4A26-9A31-0C34850D1034}.Release|x86.Build.0 = Release|Any CPU
	EndGlobalSection
	GlobalSection(SolutionProperties) = preSolution
		HideSolutionNode = FALSE
	EndGlobalSection
	GlobalSection(NestedProjects) = preSolution
		{BAB4C4D1-80ED-4D41-848D-33A2F779EA36} = {827E0CD3-B72D-47B6-A68D-7590B98EB39B}
		{8998AC82-A549-4AE4-B437-2A7CA04973A3} = {827E0CD3-B72D-47B6-A68D-7590B98EB39B}
		{47CDADFD-3707-4A26-9A31-0C34850D1034} = {0AB3BF05-4346-4AA6-1389-037BE0695223}
	EndGlobalSection
EndGlobal
